
Microsoft Visual Studio Solution File, Format Version 12.00
# Visual Studio 2012
Project("{FAE04EC0-301F-11D3-BF4B-00C04F79EFBC}") = "RockOfflinePackage", "RockOfflinePackage\RockOfflinePackage.csproj", "{C9376E74-924E-4061-AC5E-CEEA49BC9553}"
EndProject
Project("{FAE04EC0-301F-11D3-BF4B-00C04F79EFBC}") = "OfflineSample", "RockOfflineSample\OfflineSample.csproj", "{CD294B91-2768-4388-9FCE-8BBC55FEDBF7}"
EndProject
Project("{2150E333-8FDC-42A3-9474-1A3956D46DE8}") = ".nuget", ".nuget", "{60724EA4-26F4-4F2D-B11D-AC2BCA5E0DD6}"
	ProjectSection(SolutionItems) = preProject
		.nuget\packages.config = .nuget\packages.config
	EndProjectSection
EndProject
Global
	GlobalSection(SolutionConfigurationPlatforms) = preSolution
		Debug|Any CPU = Debug|Any CPU
		Release|Any CPU = Release|Any CPU
	EndGlobalSection
	GlobalSection(ProjectConfigurationPlatforms) = postSolution
		{C9376E74-924E-4061-AC5E-CEEA49BC9553}.Debug|Any CPU.ActiveCfg = Debug|Any CPU
		{C9376E74-924E-4061-AC5E-CEEA49BC9553}.Debug|Any CPU.Build.0 = Debug|Any CPU
		{C9376E74-924E-4061-AC5E-CEEA49BC9553}.Release|Any CPU.ActiveCfg = Release|Any CPU
		{C9376E74-924E-4061-AC5E-CEEA49BC9553}.Release|Any CPU.Build.0 = Release|Any CPU
		{CD294B91-2768-4388-9FCE-8BBC55FEDBF7}.Debug|Any CPU.ActiveCfg = Debug|Any CPU
		{CD294B91-2768-4388-9FCE-8BBC55FEDBF7}.Debug|Any CPU.Build.0 = Debug|Any CPU
		{CD294B91-2768-4388-9FCE-8BBC55FEDBF7}.Release|Any CPU.ActiveCfg = Release|Any CPU
		{CD294B91-2768-4388-9FCE-8BBC55FEDBF7}.Release|Any CPU.Build.0 = Release|Any CPU
	EndGlobalSection
	GlobalSection(SolutionProperties) = preSolution
		HideSolutionNode = FALSE
	EndGlobalSection
EndGlobal
